<?xml version="1.0" encoding="utf-8"?>
<Project ToolsVersion="4.0" xmlns="http://schemas.microsoft.com/developer/msbuild/2003">
  <ItemGroup>
    <Filter Include="Source Files">
      <UniqueIdentifier>{4FC737F1-C7A5-4376-A066-2A32D752A2FF}</UniqueIdentifier>
      <Extensions>qml;cpp;c;cc;cxx;def;odl;idl;hpj;bat;asm;asmx</Extensions>
    </Filter>
    <Filter Include="Header Files">
      <UniqueIdentifier>{93995380-89BD-4b04-88EB-625FBE52EBFB}</UniqueIdentifier>
      <Extensions>h;hh;hpp;hxx;hm;inl;inc;xsd</Extensions>
    </Filter>
    <Filter Include="Resource Files">
      <UniqueIdentifier>{67DA6AB6-F800-4c08-8B7A-83BB121AAD01}</UniqueIdentifier>
      <Extensions>qrc;rc;ico;cur;bmp;dlg;rc2;rct;bin;rgs;gif;jpg;jpeg;jpe;resx;tiff;tif;png;wav;mfcribbon-ms</Extensions>
    </Filter>
    <Filter Include="Form Files">
      <UniqueIdentifier>{99349809-55BA-4b9d-BF79-8FDBB0286EB3}</UniqueIdentifier>
      <Extensions>ui</Extensions>
    </Filter>
    <Filter Include="Translation Files">
      <UniqueIdentifier>{639EADAA-A684-42e4-A9AD-28FC9BCB8F7C}</UniqueIdentifier>
      <Extensions>ts</Extensions>
    </Filter>
    <Filter Include="Import">
      <UniqueIdentifier>{553aa41a-c465-4b7e-8623-61fc87edf2fc}</UniqueIdentifier>
    </Filter>
    <Filter Include="PCH">
      <UniqueIdentifier>{1dbcec80-2205-42aa-8ec7-6831785279a7}</UniqueIdentifier>
    </Filter>
  </ItemGroup>
  <ItemGroup>
    <QtRcc Include="DataGeneratorSmart.qrc">
      <Filter>Resource Files</Filter>
    </QtRcc>
    <QtUic Include="DataGeneratorSmart.ui">
      <Filter>Form Files</Filter>
    </QtUic>
    <QtMoc Include="DataGeneratorSmart.h">
      <Filter>Header Files</Filter>
    </QtMoc>
    <ClCompile Include="DataGeneratorSmart.cpp">
      <Filter>Source Files</Filter>
    </ClCompile>
  </ItemGroup>
  <ItemGroup>
    <ClCompile Include="main.cpp">
      <Filter>Source Files</Filter>
    </ClCompile>
    <ClCompile Include="AdvancedCell.cpp">
      <Filter>Import</Filter>
    </ClCompile>
    <ClCompile Include="AdvancedCentralCell.cpp">
      <Filter>Import</Filter>
    </ClCompile>
    <ClCompile Include="AdvancedCornerCell.cpp">
      <Filter>Import</Filter>
    </ClCompile>
    <ClCompile Include="AdvancedSideCellClass.cpp">
      <Filter>Import</Filter>
    </ClCompile>
    <ClCompile Include="AdvancedSmartMatrix.cpp">
      <Filter>Import</Filter>
    </ClCompile>
    <ClCompile Include="GridMovementer.cpp">
      <Filter>Import</Filter>
    </ClCompile>
    <ClCompile Include="SmartCellClass.cpp">
      <Filter>Import</Filter>
    </ClCompile>
    <ClCompile Include="SmartMatrixWidgetClass.cpp">
      <Filter>Import</Filter>
    </ClCompile>
    <ClCompile Include="BeginProbabilityBar.cpp">
      <Filter>Import</Filter>
    </ClCompile>
    <ClCompile Include="AdvancedBeginProbabilityCell.cpp">
      <Filter>Import</Filter>
    </ClCompile>
    <ClCompile Include="TransitionsMatrix.cpp">
      <Filter>Import</Filter>
    </ClCompile>
    <ClCompile Include="ChangeSizeDilog.cpp">
      <Filter>Source Files</Filter>
    </ClCompile>
    <ClCompile Include="RandomSettingsDialoh.cpp">
      <Filter>Source Files</Filter>
    </ClCompile>
    <ClCompile Include="FileThatInsteadAPI.cpp">
      <Filter>Import</Filter>
    </ClCompile>
    <ClCompile Include="PCH.cpp">
      <Filter>PCH</Filter>
    </ClCompile>
  </ItemGroup>
  <ItemGroup>
    <QtMoc Include="AdvancedCell.h">
      <Filter>Import</Filter>
    </QtMoc>
    <QtMoc Include="AdvancedCentralCell.h">
      <Filter>Import</Filter>
    </QtMoc>
    <QtMoc Include="AdvancedSmartMatrix.h">
      <Filter>Import</Filter>
    </QtMoc>
    <QtMoc Include="SmartCellClass.h">
      <Filter>Import</Filter>
    </QtMoc>
    <QtMoc Include="SmartMatrixWidgetClass.h">
      <Filter>Import</Filter>
    </QtMoc>
  </ItemGroup>
  <ItemGroup>
    <ClInclude Include="AdvancedCornerCell.h">
      <Filter>Import</Filter>
    </ClInclude>
    <ClInclude Include="AdvancedSideCellClass.h">
      <Filter>Import</Filter>
    </ClInclude>
    <ClInclude Include="GridMovementer.h">
      <Filter>Import</Filter>
    </ClInclude>
    <ClInclude Include="BeginProbabilityBar.h">
      <Filter>Import</Filter>
    </ClInclude>
    <ClInclude Include="AdvancedBeginProbabilityCell.h">
      <Filter>Import</Filter>
    </ClInclude>
    <ClInclude Include="TransitionsMatrix.h">
      <Filter>Import</Filter>
    </ClInclude>
    <ClInclude Include="ChangeSizeDilog.h">
      <Filter>Header Files</Filter>
    </ClInclude>
    <ClInclude Include="RandomSettingsDialoh.h">
      <Filter>Header Files</Filter>
    </ClInclude>
    <ClInclude Include="FileThatInsteadAPI.h">
      <Filter>Import</Filter>
    </ClInclude>
    <ClInclude Include="PCH.h">
      <Filter>PCH</Filter>
    </ClInclude>
    <ClInclude Include="PCHNames.h">
      <Filter>PCH</Filter>
    </ClInclude>
  </ItemGroup>
  <ItemGroup>
    <QtUic Include="SizeChangeForm.ui">
      <Filter>Form Files</Filter>
    </QtUic>
    <QtUic Include="RandomSettings.ui">
      <Filter>Form Files</Filter>
    </QtUic>
  </ItemGroup>
</Project>