<?xml version="1.0" encoding="utf-8"?>
<Project ToolsVersion="4.0" xmlns="http://schemas.microsoft.com/developer/msbuild/2003">
  <ItemGroup>
    <Filter Include="Algos">
      <UniqueIdentifier>{0461b0b8-41a2-4a22-8ad8-cc6e324d8e43}</UniqueIdentifier>
    </Filter>
    <Filter Include="Import">
      <UniqueIdentifier>{25ed24ef-4479-4234-8860-6279d1c7646d}</UniqueIdentifier>
    </Filter>
    <Filter Include="PCH">
      <UniqueIdentifier>{14f24a7d-777b-425a-bd82-b169a2b9ca8d}</UniqueIdentifier>
    </Filter>
    <Filter Include="Windows">
      <UniqueIdentifier>{a25684e2-3b87-43e8-8d70-cc516c0993dd}</UniqueIdentifier>
    </Filter>
    <Filter Include="Windows\Header Files">
      <UniqueIdentifier>{93995380-89BD-4b04-88EB-625FBE52EBFB}</UniqueIdentifier>
      <Extensions>h;hh;hpp;hxx;hm;inl;inc;xsd</Extensions>
    </Filter>
    <Filter Include="Windows\Source Files">
      <UniqueIdentifier>{4FC737F1-C7A5-4376-A066-2A32D752A2FF}</UniqueIdentifier>
      <Extensions>qml;cpp;c;cc;cxx;def;odl;idl;hpj;bat;asm;asmx</Extensions>
    </Filter>
    <Filter Include="Windows\Resource Files">
      <UniqueIdentifier>{67DA6AB6-F800-4c08-8B7A-83BB121AAD01}</UniqueIdentifier>
      <Extensions>qrc;rc;ico;cur;bmp;dlg;rc2;rct;bin;rgs;gif;jpg;jpeg;jpe;resx;tiff;tif;png;wav;mfcribbon-ms</Extensions>
    </Filter>
    <Filter Include="Windows\Form Files">
      <UniqueIdentifier>{99349809-55BA-4b9d-BF79-8FDBB0286EB3}</UniqueIdentifier>
      <Extensions>ui</Extensions>
    </Filter>
  </ItemGroup>
  <ItemGroup>
    <QtRcc Include="AntsSettingsVisual.qrc">
      <Filter>Windows\Resource Files</Filter>
    </QtRcc>
    <QtUic Include="AntsSettingsVisual.ui">
      <Filter>Windows\Form Files</Filter>
    </QtUic>
    <QtMoc Include="AntsSettingsVisual.h">
      <Filter>Windows\Header Files</Filter>
    </QtMoc>
    <ClCompile Include="AntsSettingsVisual.cpp">
      <Filter>Windows\Source Files</Filter>
    </ClCompile>
  </ItemGroup>
  <ItemGroup>
    <ClCompile Include="main.cpp">
      <Filter>Windows\Source Files</Filter>
    </ClCompile>
    <ClCompile Include="AntsFarmWindow.cpp">
      <Filter>Windows\Source Files</Filter>
    </ClCompile>
    <ClCompile Include="AlgorythmsEntry.cpp">
      <Filter>Algos</Filter>
    </ClCompile>
    <ClCompile Include="DataReader.cpp">
      <Filter>Algos</Filter>
    </ClCompile>
    <ClCompile Include="DataProcessor.cpp">
      <Filter>Algos</Filter>
    </ClCompile>
    <ClCompile Include="..\DataGeneratorSmart\FileThatInsteadAPI.cpp">
      <Filter>Import</Filter>
    </ClCompile>
    <ClCompile Include="PCH.cpp">
      <Filter>PCH</Filter>
    </ClCompile>
    <ClCompile Include="Evolution.cpp">
      <Filter>Algos</Filter>
    </ClCompile>
  </ItemGroup>
  <ItemGroup>
    <QtUic Include="AntsFarm.ui">
      <Filter>Windows\Form Files</Filter>
    </QtUic>
  </ItemGroup>
  <ItemGroup>
    <ClInclude Include="AntsFarmWindow.h">
      <Filter>Windows\Header Files</Filter>
    </ClInclude>
    <ClInclude Include="AlgorythmsEntry.h">
      <Filter>Algos</Filter>
    </ClInclude>
    <ClInclude Include="..\DataGeneratorSmart\FileThatInsteadAPI.h">
      <Filter>Import</Filter>
    </ClInclude>
    <ClInclude Include="PCH.h">
      <Filter>PCH</Filter>
    </ClInclude>
    <ClInclude Include="PCHNames.h">
      <Filter>PCH</Filter>
    </ClInclude>
  </ItemGroup>
</Project>